
Microsoft Visual Studio Solution File, Format Version 12.00
# Visual Studio Version 17
VisualStudioVersion = 17.0.32126.317
MinimumVisualStudioVersion = 10.0.40219.1
Project("{9A19103F-16F7-4668-BE54-9A1E7A4F7556}") = "BayesianFilter.Web", "BayesianFilter.Web\BayesianFilter.Web.csproj", "{80A3F1E0-55D2-4D98-9EAD-AA63D188A45D}"
EndProject
Project("{FAE04EC0-301F-11D3-BF4B-00C04F79EFBC}") = "BayesianFilter.Core", "BayesianFilter.Core\BayesianFilter.Core.csproj", "{DCA35BC7-07A9-471F-9C99-09D7C1D6FCA7}"
EndProject
Global
	GlobalSection(SolutionConfigurationPlatforms) = preSolution
		Debug|Any CPU = Debug|Any CPU
		Release|Any CPU = Release|Any CPU
	EndGlobalSection
	GlobalSection(ProjectConfigurationPlatforms) = postSolution
		{80A3F1E0-55D2-4D98-9EAD-AA63D188A45D}.Debug|Any CPU.ActiveCfg = Debug|Any CPU
		{80A3F1E0-55D2-4D98-9EAD-AA63D188A45D}.Debug|Any CPU.Build.0 = Debug|Any CPU
		{80A3F1E0-55D2-4D98-9EAD-AA63D188A45D}.Release|Any CPU.ActiveCfg = Release|Any CPU
		{80A3F1E0-55D2-4D98-9EAD-AA63D188A45D}.Release|Any CPU.Build.0 = Release|Any CPU
		{DCA35BC7-07A9-471F-9C99-09D7C1D6FCA7}.Debug|Any CPU.ActiveCfg = Debug|Any CPU
		{DCA35BC7-07A9-471F-9C99-09D7C1D6FCA7}.Debug|Any CPU.Build.0 = Debug|Any CPU
		{DCA35BC7-07A9-471F-9C99-09D7C1D6FCA7}.Release|Any CPU.ActiveCfg = Release|Any CPU
		{DCA35BC7-07A9-471F-9C99-09D7C1D6FCA7}.Release|Any CPU.Build.0 = Release|Any CPU
	EndGlobalSection
	GlobalSection(SolutionProperties) = preSolution
		HideSolutionNode = FALSE
	EndGlobalSection
	GlobalSection(ExtensibilityGlobals) = postSolution
		SolutionGuid = {36074AFB-0319-4501-9088-7E78F6B55951}
	EndGlobalSection
EndGlobal
